
Microsoft Visual Studio Solution File, Format Version 12.00
# Visual Studio Version 17
VisualStudioVersion = 17.9.34607.119
MinimumVisualStudioVersion = 10.0.40219.1
Project("{FAE04EC0-301F-11D3-BF4B-00C04F79EFBC}") = "ACTIVITY_8", "ACTIVITY_6\ACTIVITY_8.csproj", "{35F70AEF-CB97-427D-A7BA-E13F1E05D38B}"
EndProject
Global
	GlobalSection(SolutionConfigurationPlatforms) = preSolution
		Debug|Any CPU = Debug|Any CPU
		Release|Any CPU = Release|Any CPU
	EndGlobalSection
	GlobalSection(ProjectConfigurationPlatforms) = postSolution
		{35F70AEF-CB97-427D-A7BA-E13F1E05D38B}.Debug|Any CPU.ActiveCfg = Debug|Any CPU
		{35F70AEF-CB97-427D-A7BA-E13F1E05D38B}.Debug|Any CPU.Build.0 = Debug|Any CPU
		{35F70AEF-CB97-427D-A7BA-E13F1E05D38B}.Release|Any CPU.ActiveCfg = Release|Any CPU
		{35F70AEF-CB97-427D-A7BA-E13F1E05D38B}.Release|Any CPU.Build.0 = Release|Any CPU
	EndGlobalSection
	GlobalSection(SolutionProperties) = preSolution
		HideSolutionNode = FALSE
	EndGlobalSection
	GlobalSection(ExtensibilityGlobals) = postSolution
		SolutionGuid = {1D5C764A-F010-44B4-81B6-648117C13A3F}
	EndGlobalSection
EndGlobal
